schema: '2.0'
stages:
  process_data:
    cmd: python src/data_process.py
    deps:
    - path: data/raw
      hash: md5
      md5: 8d66fbf4929bbcf6cad395a509b9c2eb.dir
      size: 460676
      nfiles: 1
    outs:
    - path: data/processed
      hash: md5
      md5: 42c0e0a09b4bd53400357f45c9fea3b2.dir
      size: 58516
      nfiles: 4
  train:
    cmd: python src/train.py
    deps:
    - path: data/processed
      hash: md5
      md5: 42c0e0a09b4bd53400357f45c9fea3b2.dir
      size: 58516
      nfiles: 4
    outs:
    - path: models/model.pkl
      hash: md5
      md5: 689d6317f867478463975a5cdd5cd2ee
      size: 859
  eval:
    cmd: python src/eval.py
    deps:
    - path: data/processed
      hash: md5
      md5: 42c0e0a09b4bd53400357f45c9fea3b2.dir
      size: 58516
      nfiles: 4
    - path: models/model.pkl
      hash: md5
      md5: 689d6317f867478463975a5cdd5cd2ee
      size: 859
    outs:
    - path: metrics/metrics.json
      hash: md5
      md5: e8e3a5da4e9a87493bf2918affdbcd82
      size: 150
